
Microsoft Visual Studio Solution File, Format Version 12.00
# Visual Studio 15
Project("{FAE04EC0-301F-11D3-BF4B-00C04F79EFBC}") = "Assembly-CSharp", "Assembly-CSharp.csproj", "{3BAF6FCC-6061-F107-5F47-62A2DA3870B3}"
EndProject
Project("{FAE04EC0-301F-11D3-BF4B-00C04F79EFBC}") = "Assembly-CSharp-Editor", "Assembly-CSharp-Editor.csproj", "{A135E06D-DD70-5D34-90D8-277E7F23E3E3}"
EndProject
Global
	GlobalSection(SolutionConfigurationPlatforms) = preSolution
		Debug|Any CPU = Debug|Any CPU
		Release|Any CPU = Release|Any CPU
	EndGlobalSection
	GlobalSection(ProjectConfigurationPlatforms) = postSolution
		{3BAF6FCC-6061-F107-5F47-62A2DA3870B3}.Debug|Any CPU.ActiveCfg = Debug|Any CPU
		{3BAF6FCC-6061-F107-5F47-62A2DA3870B3}.Debug|Any CPU.Build.0 = Debug|Any CPU
		{3BAF6FCC-6061-F107-5F47-62A2DA3870B3}.Release|Any CPU.ActiveCfg = Release|Any CPU
		{3BAF6FCC-6061-F107-5F47-62A2DA3870B3}.Release|Any CPU.Build.0 = Release|Any CPU
		{A135E06D-DD70-5D34-90D8-277E7F23E3E3}.Debug|Any CPU.ActiveCfg = Debug|Any CPU
		{A135E06D-DD70-5D34-90D8-277E7F23E3E3}.Debug|Any CPU.Build.0 = Debug|Any CPU
		{A135E06D-DD70-5D34-90D8-277E7F23E3E3}.Release|Any CPU.ActiveCfg = Release|Any CPU
		{A135E06D-DD70-5D34-90D8-277E7F23E3E3}.Release|Any CPU.Build.0 = Release|Any CPU
	EndGlobalSection
	GlobalSection(SolutionProperties) = preSolution
		HideSolutionNode = FALSE
	EndGlobalSection
	GlobalSection(MonoDevelopProperties) = preSolution
		StartupItem = Assembly-CSharp.csproj
	EndGlobalSection
EndGlobal
